{
  "name": "node-pigpio-example",
  "version": "1.0.0",
  "lockfileVersion": 1,
  "requires": true,
  "dependencies": {
    "node-pigpio-if": {
      "version": "0.0.1",
      "resolved": "https://registry.npmjs.org/node-pigpio-if/-/node-pigpio-if-0.0.1.tgz",
      "integrity": "sha512-pbZ+gAOcc+wog8zJDD4GH3H6TNC1tkAPKHM2EHJqjsbuxO1rg77lmYSfDP63wcIGyH+mrQEldlJTzk+TfZz5cA=="
    }
  }
}
